// !$*UTF8*$!
{
	archiveVersion = 1;
	classes = {
	};
	objectVersion = 46;
	objects = {

/* Begin PBXBuildFile section */
		D29F64C71B3A786D00D1555B /* Timber.h in Headers */ = {isa = PBXBuildFile; fileRef = D29F64C61B3A786D00D1555B /* Timber.h */; settings = {ATTRIBUTES = (Public, ); }; };
		D29F64CE1B3A786D00D1555B /* Timber.framework in Frameworks */ = {isa = PBXBuildFile; fileRef = D29F64C41B3A786D00D1555B /* Timber.framework */; };
		D29F64DB1B3A787100D1555B /* Timber.swift in Sources */ = {isa = PBXBuildFile; fileRef = D2E8FA5319CB4EB9007AA6E9 /* Timber.swift */; };
		D29F64DC1B3A787500D1555B /* Logger.swift in Sources */ = {isa = PBXBuildFile; fileRef = D2E8FA5019CB4EB9007AA6E9 /* Logger.swift */; };
		D29F64DD1B3A787500D1555B /* LogMessage.swift in Sources */ = {isa = PBXBuildFile; fileRef = D2E8FA5119CB4EB9007AA6E9 /* LogMessage.swift */; };
		D29F64DE1B3A787500D1555B /* MessageFormatter.swift in Sources */ = {isa = PBXBuildFile; fileRef = D2E8FA5219CB4EB9007AA6E9 /* MessageFormatter.swift */; };
		D29F64DF1B3A787500D1555B /* FileLogger.swift in Sources */ = {isa = PBXBuildFile; fileRef = D2E8FA4F19CB4EB9007AA6E9 /* FileLogger.swift */; };
		D29F64E01B3A787500D1555B /* XcodeLogger.swift in Sources */ = {isa = PBXBuildFile; fileRef = D2E8FA5419CB4EB9007AA6E9 /* XcodeLogger.swift */; };
		D29F64E11B3A787B00D1555B /* TimberTests.swift in Sources */ = {isa = PBXBuildFile; fileRef = D2AB8D9F19CC39DA00F9138F /* TimberTests.swift */; };
		D29F64E21B3A787B00D1555B /* TestLogger.swift in Sources */ = {isa = PBXBuildFile; fileRef = D2AB8D9C19CC39BB00F9138F /* TestLogger.swift */; };
		D29F64E51B3A805600D1555B /* Miles.framework in Carthage */ = {isa = PBXBuildFile; fileRef = D29F64E41B3A805600D1555B /* Miles.framework */; settings = {ATTRIBUTES = (CodeSignOnCopy, RemoveHeadersOnCopy, ); }; };
		D2AB8D9E19CC39BB00F9138F /* TestLogger.swift in Sources */ = {isa = PBXBuildFile; fileRef = D2AB8D9C19CC39BB00F9138F /* TestLogger.swift */; };
		D2AB8DA019CC39DA00F9138F /* TimberTests.swift in Sources */ = {isa = PBXBuildFile; fileRef = D2AB8D9F19CC39DA00F9138F /* TimberTests.swift */; };
		D2E8FA3319CB4E38007AA6E9 /* Timber.h in Headers */ = {isa = PBXBuildFile; fileRef = D2E8FA3219CB4E38007AA6E9 /* Timber.h */; settings = {ATTRIBUTES = (Public, ); }; };
		D2E8FA3919CB4E38007AA6E9 /* Timber.framework in Frameworks */ = {isa = PBXBuildFile; fileRef = D2E8FA2D19CB4E38007AA6E9 /* Timber.framework */; };
		D2E8FA5519CB4EB9007AA6E9 /* FileLogger.swift in Sources */ = {isa = PBXBuildFile; fileRef = D2E8FA4F19CB4EB9007AA6E9 /* FileLogger.swift */; };
		D2E8FA5619CB4EB9007AA6E9 /* Logger.swift in Sources */ = {isa = PBXBuildFile; fileRef = D2E8FA5019CB4EB9007AA6E9 /* Logger.swift */; };
		D2E8FA5719CB4EB9007AA6E9 /* LogMessage.swift in Sources */ = {isa = PBXBuildFile; fileRef = D2E8FA5119CB4EB9007AA6E9 /* LogMessage.swift */; };
		D2E8FA5819CB4EB9007AA6E9 /* MessageFormatter.swift in Sources */ = {isa = PBXBuildFile; fileRef = D2E8FA5219CB4EB9007AA6E9 /* MessageFormatter.swift */; };
		D2E8FA5919CB4EB9007AA6E9 /* Timber.swift in Sources */ = {isa = PBXBuildFile; fileRef = D2E8FA5319CB4EB9007AA6E9 /* Timber.swift */; };
		D2E8FA5A19CB4EB9007AA6E9 /* XcodeLogger.swift in Sources */ = {isa = PBXBuildFile; fileRef = D2E8FA5419CB4EB9007AA6E9 /* XcodeLogger.swift */; };
		D2E8FA6819CB56E2007AA6E9 /* Timber.swift in Resources */ = {isa = PBXBuildFile; fileRef = D2E8FA5319CB4EB9007AA6E9 /* Timber.swift */; };
		D2E8FA6919CB56E2007AA6E9 /* Logger.swift in Resources */ = {isa = PBXBuildFile; fileRef = D2E8FA5019CB4EB9007AA6E9 /* Logger.swift */; };
		D2E8FA6A19CB56E2007AA6E9 /* LogMessage.swift in Resources */ = {isa = PBXBuildFile; fileRef = D2E8FA5119CB4EB9007AA6E9 /* LogMessage.swift */; };
		D2E8FA6B19CB56E2007AA6E9 /* MessageFormatter.swift in Resources */ = {isa = PBXBuildFile; fileRef = D2E8FA5219CB4EB9007AA6E9 /* MessageFormatter.swift */; };
		D2E8FA6C19CB56E2007AA6E9 /* FileLogger.swift in Resources */ = {isa = PBXBuildFile; fileRef = D2E8FA4F19CB4EB9007AA6E9 /* FileLogger.swift */; };
		D2E8FA6D19CB56E2007AA6E9 /* XcodeLogger.swift in Resources */ = {isa = PBXBuildFile; fileRef = D2E8FA5419CB4EB9007AA6E9 /* XcodeLogger.swift */; };
		D2EF1AA81B033A0200E387B3 /* Miles.framework in Frameworks */ = {isa = PBXBuildFile; fileRef = D2EF1AA71B033A0200E387B3 /* Miles.framework */; };
		D2EF1AAA1B033A1E00E387B3 /* Miles.framework in Carthage */ = {isa = PBXBuildFile; fileRef = D2EF1AA71B033A0200E387B3 /* Miles.framework */; settings = {ATTRIBUTES = (CodeSignOnCopy, RemoveHeadersOnCopy, ); }; };
/* End PBXBuildFile section */

/* Begin PBXContainerItemProxy section */
		D29F64CF1B3A786D00D1555B /* PBXContainerItemProxy */ = {
			isa = PBXContainerItemProxy;
			containerPortal = D2E8FA2419CB4E37007AA6E9 /* Project object */;
			proxyType = 1;
			remoteGlobalIDString = D29F64C31B3A786D00D1555B;
			remoteInfo = "Timber-OSX";
		};
		D2E8FA3A19CB4E38007AA6E9 /* PBXContainerItemProxy */ = {
			isa = PBXContainerItemProxy;
			containerPortal = D2E8FA2419CB4E37007AA6E9 /* Project object */;
			proxyType = 1;
			remoteGlobalIDString = D2E8FA2C19CB4E38007AA6E9;
			remoteInfo = Timber;
		};
/* End PBXContainerItemProxy section */

/* Begin PBXCopyFilesBuildPhase section */
		D29F64E31B3A804900D1555B /* Carthage */ = {
			isa = PBXCopyFilesBuildPhase;
			buildActionMask = 2147483647;
			dstPath = "";
			dstSubfolderSpec = 10;
			files = (
				D29F64E51B3A805600D1555B /* Miles.framework in Carthage */,
			);
			name = Carthage;
			runOnlyForDeploymentPostprocessing = 0;
		};
		D2EF1AA91B033A0800E387B3 /* Carthage */ = {
			isa = PBXCopyFilesBuildPhase;
			buildActionMask = 2147483647;
			dstPath = "";
			dstSubfolderSpec = 10;
			files = (
				D2EF1AAA1B033A1E00E387B3 /* Miles.framework in Carthage */,
			);
			name = Carthage;
			runOnlyForDeploymentPostprocessing = 0;
		};
/* End PBXCopyFilesBuildPhase section */

/* Begin PBXFileReference section */
		D29F64C41B3A786D00D1555B /* Timber.framework */ = {isa = PBXFileReference; explicitFileType = wrapper.framework; includeInIndex = 0; path = Timber.framework; sourceTree = BUILT_PRODUCTS_DIR; };
		D29F64C61B3A786D00D1555B /* Timber.h */ = {isa = PBXFileReference; lastKnownFileType = sourcecode.c.h; path = Timber.h; sourceTree = "<group>"; };
		D29F64CD1B3A786D00D1555B /* Timber-OSXTests.xctest */ = {isa = PBXFileReference; explicitFileType = wrapper.cfbundle; includeInIndex = 0; path = "Timber-OSXTests.xctest"; sourceTree = BUILT_PRODUCTS_DIR; };
		D29F64E41B3A805600D1555B /* Miles.framework */ = {isa = PBXFileReference; lastKnownFileType = wrapper.framework; name = Miles.framework; path = Carthage/Build/Mac/Miles.framework; sourceTree = "<group>"; };
		D2AB8D9C19CC39BB00F9138F /* TestLogger.swift */ = {isa = PBXFileReference; fileEncoding = 4; lastKnownFileType = sourcecode.swift; path = TestLogger.swift; sourceTree = "<group>"; };
		D2AB8D9F19CC39DA00F9138F /* TimberTests.swift */ = {isa = PBXFileReference; fileEncoding = 4; lastKnownFileType = sourcecode.swift; path = TimberTests.swift; sourceTree = "<group>"; };
		D2E8FA2D19CB4E38007AA6E9 /* Timber.framework */ = {isa = PBXFileReference; explicitFileType = wrapper.framework; includeInIndex = 0; path = Timber.framework; sourceTree = BUILT_PRODUCTS_DIR; };
		D2E8FA3219CB4E38007AA6E9 /* Timber.h */ = {isa = PBXFileReference; lastKnownFileType = sourcecode.c.h; path = Timber.h; sourceTree = "<group>"; };
		D2E8FA3819CB4E38007AA6E9 /* Timber-IOSTests.xctest */ = {isa = PBXFileReference; explicitFileType = wrapper.cfbundle; includeInIndex = 0; path = "Timber-IOSTests.xctest"; sourceTree = BUILT_PRODUCTS_DIR; };
		D2E8FA4A19CB4E63007AA6E9 /* Info.plist */ = {isa = PBXFileReference; fileEncoding = 4; lastKnownFileType = text.plist.xml; path = Info.plist; sourceTree = "<group>"; };
		D2E8FA4D19CB4E68007AA6E9 /* Info.plist */ = {isa = PBXFileReference; fileEncoding = 4; lastKnownFileType = text.plist.xml; path = Info.plist; sourceTree = "<group>"; };
		D2E8FA4F19CB4EB9007AA6E9 /* FileLogger.swift */ = {isa = PBXFileReference; fileEncoding = 4; lastKnownFileType = sourcecode.swift; path = FileLogger.swift; sourceTree = "<group>"; };
		D2E8FA5019CB4EB9007AA6E9 /* Logger.swift */ = {isa = PBXFileReference; fileEncoding = 4; lastKnownFileType = sourcecode.swift; path = Logger.swift; sourceTree = "<group>"; };
		D2E8FA5119CB4EB9007AA6E9 /* LogMessage.swift */ = {isa = PBXFileReference; fileEncoding = 4; lastKnownFileType = sourcecode.swift; path = LogMessage.swift; sourceTree = "<group>"; };
		D2E8FA5219CB4EB9007AA6E9 /* MessageFormatter.swift */ = {isa = PBXFileReference; fileEncoding = 4; lastKnownFileType = sourcecode.swift; path = MessageFormatter.swift; sourceTree = "<group>"; };
		D2E8FA5319CB4EB9007AA6E9 /* Timber.swift */ = {isa = PBXFileReference; fileEncoding = 4; lastKnownFileType = sourcecode.swift; path = Timber.swift; sourceTree = "<group>"; };
		D2E8FA5419CB4EB9007AA6E9 /* XcodeLogger.swift */ = {isa = PBXFileReference; fileEncoding = 4; lastKnownFileType = sourcecode.swift; path = XcodeLogger.swift; sourceTree = "<group>"; };
		D2EF1AA71B033A0200E387B3 /* Miles.framework */ = {isa = PBXFileReference; lastKnownFileType = wrapper.framework; name = Miles.framework; path = ../../Carthage/Build/iOS/Miles.framework; sourceTree = "<group>"; };
/* End PBXFileReference section */

/* Begin PBXFrameworksBuildPhase section */
		D29F64C01B3A786D00D1555B /* Frameworks */ = {
			isa = PBXFrameworksBuildPhase;
			buildActionMask = 2147483647;
			files = (
			);
			runOnlyForDeploymentPostprocessing = 0;
		};
		D29F64CA1B3A786D00D1555B /* Frameworks */ = {
			isa = PBXFrameworksBuildPhase;
			buildActionMask = 2147483647;
			files = (
				D29F64CE1B3A786D00D1555B /* Timber.framework in Frameworks */,
			);
			runOnlyForDeploymentPostprocessing = 0;
		};
		D2E8FA2919CB4E38007AA6E9 /* Frameworks */ = {
			isa = PBXFrameworksBuildPhase;
			buildActionMask = 2147483647;
			files = (
			);
			runOnlyForDeploymentPostprocessing = 0;
		};
		D2E8FA3519CB4E38007AA6E9 /* Frameworks */ = {
			isa = PBXFrameworksBuildPhase;
			buildActionMask = 2147483647;
			files = (
				D2E8FA3919CB4E38007AA6E9 /* Timber.framework in Frameworks */,
				D2EF1AA81B033A0200E387B3 /* Miles.framework in Frameworks */,
			);
			runOnlyForDeploymentPostprocessing = 0;
		};
/* End PBXFrameworksBuildPhase section */

/* Begin PBXGroup section */
		D29F64C51B3A786D00D1555B /* Timber-OSX */ = {
			isa = PBXGroup;
			children = (
				D29F64C61B3A786D00D1555B /* Timber.h */,
			);
			path = "Timber-OSX";
			sourceTree = "<group>";
		};
		D29F64E61B3A806300D1555B /* Frameworks */ = {
			isa = PBXGroup;
			children = (
				D29F64E41B3A805600D1555B /* Miles.framework */,
			);
			name = Frameworks;
			sourceTree = "<group>";
		};
		D2E8FA2319CB4E37007AA6E9 = {
			isa = PBXGroup;
			children = (
				D2E8FA2F19CB4E38007AA6E9 /* Timber */,
				D2E8FA3C19CB4E38007AA6E9 /* TimberTests */,
				D29F64C51B3A786D00D1555B /* Timber-OSX */,
				D29F64E61B3A806300D1555B /* Frameworks */,
				D2E8FA2E19CB4E38007AA6E9 /* Products */,
			);
			sourceTree = "<group>";
		};
		D2E8FA2E19CB4E38007AA6E9 /* Products */ = {
			isa = PBXGroup;
			children = (
				D2E8FA2D19CB4E38007AA6E9 /* Timber.framework */,
				D2E8FA3819CB4E38007AA6E9 /* Timber-IOSTests.xctest */,
				D29F64C41B3A786D00D1555B /* Timber.framework */,
				D29F64CD1B3A786D00D1555B /* Timber-OSXTests.xctest */,
			);
			name = Products;
			sourceTree = "<group>";
		};
		D2E8FA2F19CB4E38007AA6E9 /* Timber */ = {
			isa = PBXGroup;
			children = (
				D2E8FA3219CB4E38007AA6E9 /* Timber.h */,
				D2E8FA5319CB4EB9007AA6E9 /* Timber.swift */,
				D2E8FA5019CB4EB9007AA6E9 /* Logger.swift */,
				D2E8FA5119CB4EB9007AA6E9 /* LogMessage.swift */,
				D2E8FA5219CB4EB9007AA6E9 /* MessageFormatter.swift */,
				D2E8FA4F19CB4EB9007AA6E9 /* FileLogger.swift */,
				D2E8FA5419CB4EB9007AA6E9 /* XcodeLogger.swift */,
				D2E8FA4C19CB4E68007AA6E9 /* Supporting Files */,
			);
			path = Timber;
			sourceTree = "<group>";
		};
		D2E8FA3C19CB4E38007AA6E9 /* TimberTests */ = {
			isa = PBXGroup;
			children = (
				D2AB8D9F19CC39DA00F9138F /* TimberTests.swift */,
				D2AB8D9C19CC39BB00F9138F /* TestLogger.swift */,
				D2E8FA4919CB4E63007AA6E9 /* Supporting Files */,
			);
			path = TimberTests;
			sourceTree = "<group>";
		};
		D2E8FA4919CB4E63007AA6E9 /* Supporting Files */ = {
			isa = PBXGroup;
			children = (
				D2EF1AA71B033A0200E387B3 /* Miles.framework */,
				D2E8FA4A19CB4E63007AA6E9 /* Info.plist */,
			);
			path = "Supporting Files";
			sourceTree = "<group>";
		};
		D2E8FA4C19CB4E68007AA6E9 /* Supporting Files */ = {
			isa = PBXGroup;
			children = (
				D2E8FA4D19CB4E68007AA6E9 /* Info.plist */,
			);
			path = "Supporting Files";
			sourceTree = "<group>";
		};
/* End PBXGroup section */

/* Begin PBXHeadersBuildPhase section */
		D29F64C11B3A786D00D1555B /* Headers */ = {
			isa = PBXHeadersBuildPhase;
			buildActionMask = 2147483647;
			files = (
				D29F64C71B3A786D00D1555B /* Timber.h in Headers */,
			);
			runOnlyForDeploymentPostprocessing = 0;
		};
		D2E8FA2A19CB4E38007AA6E9 /* Headers */ = {
			isa = PBXHeadersBuildPhase;
			buildActionMask = 2147483647;
			files = (
				D2E8FA3319CB4E38007AA6E9 /* Timber.h in Headers */,
			);
			runOnlyForDeploymentPostprocessing = 0;
		};
/* End PBXHeadersBuildPhase section */

/* Begin PBXNativeTarget section */
		D29F64C31B3A786D00D1555B /* Timber-OSX */ = {
			isa = PBXNativeTarget;
			buildConfigurationList = D29F64D91B3A786D00D1555B /* Build configuration list for PBXNativeTarget "Timber-OSX" */;
			buildPhases = (
				D29F64BF1B3A786D00D1555B /* Sources */,
				D29F64C01B3A786D00D1555B /* Frameworks */,
				D29F64C11B3A786D00D1555B /* Headers */,
				D29F64C21B3A786D00D1555B /* Resources */,
			);
			buildRules = (
			);
			dependencies = (
			);
			name = "Timber-OSX";
			productName = "Timber-OSX";
			productReference = D29F64C41B3A786D00D1555B /* Timber.framework */;
			productType = "com.apple.product-type.framework";
		};
		D29F64CC1B3A786D00D1555B /* Timber-OSXTests */ = {
			isa = PBXNativeTarget;
			buildConfigurationList = D29F64DA1B3A786D00D1555B /* Build configuration list for PBXNativeTarget "Timber-OSXTests" */;
			buildPhases = (
				D29F64C91B3A786D00D1555B /* Sources */,
				D29F64CA1B3A786D00D1555B /* Frameworks */,
				D29F64CB1B3A786D00D1555B /* Resources */,
				D29F64E31B3A804900D1555B /* Carthage */,
			);
			buildRules = (
			);
			dependencies = (
				D29F64D01B3A786D00D1555B /* PBXTargetDependency */,
			);
			name = "Timber-OSXTests";
			productName = "Timber-OSXTests";
			productReference = D29F64CD1B3A786D00D1555B /* Timber-OSXTests.xctest */;
			productType = "com.apple.product-type.bundle.unit-test";
		};
		D2E8FA2C19CB4E38007AA6E9 /* Timber-iOS */ = {
			isa = PBXNativeTarget;
			buildConfigurationList = D2E8FA4319CB4E38007AA6E9 /* Build configuration list for PBXNativeTarget "Timber-iOS" */;
			buildPhases = (
				D2E8FA2819CB4E38007AA6E9 /* Sources */,
				D2E8FA2919CB4E38007AA6E9 /* Frameworks */,
				D2E8FA2A19CB4E38007AA6E9 /* Headers */,
				D2E8FA2B19CB4E38007AA6E9 /* Resources */,
			);
			buildRules = (
			);
			dependencies = (
			);
			name = "Timber-iOS";
			productName = Timber;
			productReference = D2E8FA2D19CB4E38007AA6E9 /* Timber.framework */;
			productType = "com.apple.product-type.framework";
		};
		D2E8FA3719CB4E38007AA6E9 /* Timber-IOSTests */ = {
			isa = PBXNativeTarget;
			buildConfigurationList = D2E8FA4619CB4E38007AA6E9 /* Build configuration list for PBXNativeTarget "Timber-IOSTests" */;
			buildPhases = (
				D2E8FA3419CB4E38007AA6E9 /* Sources */,
				D2E8FA3519CB4E38007AA6E9 /* Frameworks */,
				D2E8FA3619CB4E38007AA6E9 /* Resources */,
				D2EF1AA91B033A0800E387B3 /* Carthage */,
			);
			buildRules = (
			);
			dependencies = (
				D2E8FA3B19CB4E38007AA6E9 /* PBXTargetDependency */,
			);
			name = "Timber-IOSTests";
			productName = TimberTests;
			productReference = D2E8FA3819CB4E38007AA6E9 /* Timber-IOSTests.xctest */;
			productType = "com.apple.product-type.bundle.unit-test";
		};
/* End PBXNativeTarget section */

/* Begin PBXProject section */
		D2E8FA2419CB4E37007AA6E9 /* Project object */ = {
			isa = PBXProject;
			attributes = {
				LastSwiftUpdateCheck = 0700;
				LastUpgradeCheck = 0700;
				ORGANIZATIONNAME = "Scott Petit";
				TargetAttributes = {
					D29F64C31B3A786D00D1555B = {
						CreatedOnToolsVersion = 7.0;
					};
					D29F64CC1B3A786D00D1555B = {
						CreatedOnToolsVersion = 7.0;
					};
					D2E8FA2C19CB4E38007AA6E9 = {
						CreatedOnToolsVersion = 6.1;
					};
					D2E8FA3719CB4E38007AA6E9 = {
						CreatedOnToolsVersion = 6.1;
					};
				};
			};
			buildConfigurationList = D2E8FA2719CB4E37007AA6E9 /* Build configuration list for PBXProject "Timber" */;
			compatibilityVersion = "Xcode 3.2";
			developmentRegion = English;
			hasScannedForEncodings = 0;
			knownRegions = (
				en,
			);
			mainGroup = D2E8FA2319CB4E37007AA6E9;
			productRefGroup = D2E8FA2E19CB4E38007AA6E9 /* Products */;
			projectDirPath = "";
			projectRoot = "";
			targets = (
				D2E8FA2C19CB4E38007AA6E9 /* Timber-iOS */,
				D2E8FA3719CB4E38007AA6E9 /* Timber-IOSTests */,
				D29F64C31B3A786D00D1555B /* Timber-OSX */,
				D29F64CC1B3A786D00D1555B /* Timber-OSXTests */,
			);
		};
/* End PBXProject section */

/* Begin PBXResourcesBuildPhase section */
		D29F64C21B3A786D00D1555B /* Resources */ = {
			isa = PBXResourcesBuildPhase;
			buildActionMask = 2147483647;
			files = (
			);
			runOnlyForDeploymentPostprocessing = 0;
		};
		D29F64CB1B3A786D00D1555B /* Resources */ = {
			isa = PBXResourcesBuildPhase;
			buildActionMask = 2147483647;
			files = (
			);
			runOnlyForDeploymentPostprocessing = 0;
		};
		D2E8FA2B19CB4E38007AA6E9 /* Resources */ = {
			isa = PBXResourcesBuildPhase;
			buildActionMask = 2147483647;
			files = (
				D2E8FA6819CB56E2007AA6E9 /* Timber.swift in Resources */,
				D2E8FA6919CB56E2007AA6E9 /* Logger.swift in Resources */,
				D2E8FA6A19CB56E2007AA6E9 /* LogMessage.swift in Resources */,
				D2E8FA6B19CB56E2007AA6E9 /* MessageFormatter.swift in Resources */,
				D2E8FA6C19CB56E2007AA6E9 /* FileLogger.swift in Resources */,
				D2E8FA6D19CB56E2007AA6E9 /* XcodeLogger.swift in Resources */,
			);
			runOnlyForDeploymentPostprocessing = 0;
		};
		D2E8FA3619CB4E38007AA6E9 /* Resources */ = {
			isa = PBXResourcesBuildPhase;
			buildActionMask = 2147483647;
			files = (
			);
			runOnlyForDeploymentPostprocessing = 0;
		};
/* End PBXResourcesBuildPhase section */

/* Begin PBXSourcesBuildPhase section */
		D29F64BF1B3A786D00D1555B /* Sources */ = {
			isa = PBXSourcesBuildPhase;
			buildActionMask = 2147483647;
			files = (
				D29F64DD1B3A787500D1555B /* LogMessage.swift in Sources */,
				D29F64DB1B3A787100D1555B /* Timber.swift in Sources */,
				D29F64DE1B3A787500D1555B /* MessageFormatter.swift in Sources */,
				D29F64DF1B3A787500D1555B /* FileLogger.swift in Sources */,
				D29F64DC1B3A787500D1555B /* Logger.swift in Sources */,
				D29F64E01B3A787500D1555B /* XcodeLogger.swift in Sources */,
			);
			runOnlyForDeploymentPostprocessing = 0;
		};
		D29F64C91B3A786D00D1555B /* Sources */ = {
			isa = PBXSourcesBuildPhase;
			buildActionMask = 2147483647;
			files = (
				D29F64E21B3A787B00D1555B /* TestLogger.swift in Sources */,
				D29F64E11B3A787B00D1555B /* TimberTests.swift in Sources */,
			);
			runOnlyForDeploymentPostprocessing = 0;
		};
		D2E8FA2819CB4E38007AA6E9 /* Sources */ = {
			isa = PBXSourcesBuildPhase;
			buildActionMask = 2147483647;
			files = (
				D2E8FA5919CB4EB9007AA6E9 /* Timber.swift in Sources */,
				D2E8FA5719CB4EB9007AA6E9 /* LogMessage.swift in Sources */,
				D2E8FA5519CB4EB9007AA6E9 /* FileLogger.swift in Sources */,
				D2E8FA5819CB4EB9007AA6E9 /* MessageFormatter.swift in Sources */,
				D2E8FA5619CB4EB9007AA6E9 /* Logger.swift in Sources */,
				D2E8FA5A19CB4EB9007AA6E9 /* XcodeLogger.swift in Sources */,
			);
			runOnlyForDeploymentPostprocessing = 0;
		};
		D2E8FA3419CB4E38007AA6E9 /* Sources */ = {
			isa = PBXSourcesBuildPhase;
			buildActionMask = 2147483647;
			files = (
				D2AB8D9E19CC39BB00F9138F /* TestLogger.swift in Sources */,
				D2AB8DA019CC39DA00F9138F /* TimberTests.swift in Sources */,
			);
			runOnlyForDeploymentPostprocessing = 0;
		};
/* End PBXSourcesBuildPhase section */

/* Begin PBXTargetDependency section */
		D29F64D01B3A786D00D1555B /* PBXTargetDependency */ = {
			isa = PBXTargetDependency;
			target = D29F64C31B3A786D00D1555B /* Timber-OSX */;
			targetProxy = D29F64CF1B3A786D00D1555B /* PBXContainerItemProxy */;
		};
		D2E8FA3B19CB4E38007AA6E9 /* PBXTargetDependency */ = {
			isa = PBXTargetDependency;
			target = D2E8FA2C19CB4E38007AA6E9 /* Timber-iOS */;
			targetProxy = D2E8FA3A19CB4E38007AA6E9 /* PBXContainerItemProxy */;
		};
/* End PBXTargetDependency section */

/* Begin XCBuildConfiguration section */
		D29F64D51B3A786D00D1555B /* Debug */ = {
			isa = XCBuildConfiguration;
			buildSettings = {
				COMBINE_HIDPI_IMAGES = YES;
				DEBUG_INFORMATION_FORMAT = dwarf;
				DEFINES_MODULE = YES;
				DYLIB_COMPATIBILITY_VERSION = 1;
				DYLIB_CURRENT_VERSION = 1;
				DYLIB_INSTALL_NAME_BASE = "@rpath";
				FRAMEWORK_VERSION = A;
				GCC_NO_COMMON_BLOCKS = YES;
				INFOPLIST_FILE = "$(SRCROOT)/Timber/Supporting Files/Info.plist";
				INSTALL_PATH = "$(LOCAL_LIBRARY_DIR)/Frameworks";
				LD_RUNPATH_SEARCH_PATHS = "$(inherited) @executable_path/../Frameworks @loader_path/Frameworks";
				MACOSX_DEPLOYMENT_TARGET = 10.11;
				PRODUCT_BUNDLE_IDENTIFIER = "io.hecho.Timber-OSX";
				PRODUCT_NAME = Timber;
				SDKROOT = macosx;
				SKIP_INSTALL = YES;
			};
			name = Debug;
		};
		D29F64D61B3A786D00D1555B /* Release */ = {
			isa = XCBuildConfiguration;
			buildSettings = {
				COMBINE_HIDPI_IMAGES = YES;
				COPY_PHASE_STRIP = NO;
				DEBUG_INFORMATION_FORMAT = "dwarf-with-dsym";
				DEFINES_MODULE = YES;
				DYLIB_COMPATIBILITY_VERSION = 1;
				DYLIB_CURRENT_VERSION = 1;
				DYLIB_INSTALL_NAME_BASE = "@rpath";
				FRAMEWORK_VERSION = A;
				GCC_NO_COMMON_BLOCKS = YES;
				INFOPLIST_FILE = "$(SRCROOT)/Timber/Supporting Files/Info.plist";
				INSTALL_PATH = "$(LOCAL_LIBRARY_DIR)/Frameworks";
				LD_RUNPATH_SEARCH_PATHS = "$(inherited) @executable_path/../Frameworks @loader_path/Frameworks";
				MACOSX_DEPLOYMENT_TARGET = 10.11;
				PRODUCT_BUNDLE_IDENTIFIER = "io.hecho.Timber-OSX";
				PRODUCT_NAME = Timber;
				SDKROOT = macosx;
				SKIP_INSTALL = YES;
			};
			name = Release;
		};
		D29F64D71B3A786D00D1555B /* Debug */ = {
			isa = XCBuildConfiguration;
			buildSettings = {
				COMBINE_HIDPI_IMAGES = YES;
				DEBUG_INFORMATION_FORMAT = dwarf;
				FRAMEWORK_SEARCH_PATHS = "$(PROJECT_DIR)/Carthage/Build/Mac";
				GCC_NO_COMMON_BLOCKS = YES;
				INFOPLIST_FILE = "TimberTests/Supporting Files/Info.plist";
				LD_RUNPATH_SEARCH_PATHS = "$(inherited) @executable_path/../Frameworks @loader_path/../Frameworks";
				MACOSX_DEPLOYMENT_TARGET = 10.11;
				PRODUCT_BUNDLE_IDENTIFIER = "io.hecho.Timber-OSXTests";
				PRODUCT_NAME = "$(TARGET_NAME)";
				SDKROOT = macosx;
			};
			name = Debug;
		};
		D29F64D81B3A786D00D1555B /* Release */ = {
			isa = XCBuildConfiguration;
			buildSettings = {
				COMBINE_HIDPI_IMAGES = YES;
				COPY_PHASE_STRIP = NO;
				DEBUG_INFORMATION_FORMAT = "dwarf-with-dsym";
				FRAMEWORK_SEARCH_PATHS = "$(PROJECT_DIR)/Carthage/Build/Mac";
				GCC_NO_COMMON_BLOCKS = YES;
				INFOPLIST_FILE = "TimberTests/Supporting Files/Info.plist";
				LD_RUNPATH_SEARCH_PATHS = "$(inherited) @executable_path/../Frameworks @loader_path/../Frameworks";
				MACOSX_DEPLOYMENT_TARGET = 10.11;
				PRODUCT_BUNDLE_IDENTIFIER = "io.hecho.Timber-OSXTests";
				PRODUCT_NAME = "$(TARGET_NAME)";
				SDKROOT = macosx;
			};
			name = Release;
		};
		D2E8FA4119CB4E38007AA6E9 /* Debug */ = {
			isa = XCBuildConfiguration;
			buildSettings = {
				ALWAYS_SEARCH_USER_PATHS = NO;
				CLANG_CXX_LANGUAGE_STANDARD = "gnu++0x";
				CLANG_CXX_LIBRARY = "libc++";
				CLANG_ENABLE_MODULES = YES;
				CLANG_ENABLE_OBJC_ARC = YES;
				CLANG_WARN_BOOL_CONVERSION = YES;
				CLANG_WARN_CONSTANT_CONVERSION = YES;
				CLANG_WARN_DIRECT_OBJC_ISA_USAGE = YES_ERROR;
				CLANG_WARN_EMPTY_BODY = YES;
				CLANG_WARN_ENUM_CONVERSION = YES;
				CLANG_WARN_INT_CONVERSION = YES;
				CLANG_WARN_OBJC_ROOT_CLASS = YES_ERROR;
				CLANG_WARN_UNREACHABLE_CODE = YES;
				CLANG_WARN__DUPLICATE_METHOD_MATCH = YES;
				"CODE_SIGN_IDENTITY[sdk=iphoneos*]" = "iPhone Developer";
				COPY_PHASE_STRIP = NO;
				CURRENT_PROJECT_VERSION = 1;
				ENABLE_BITCODE = NO;
				ENABLE_STRICT_OBJC_MSGSEND = YES;
				ENABLE_TESTABILITY = YES;
				GCC_C_LANGUAGE_STANDARD = gnu99;
				GCC_DYNAMIC_NO_PIC = NO;
				GCC_OPTIMIZATION_LEVEL = 0;
				GCC_PREPROCESSOR_DEFINITIONS = (
					"DEBUG=1",
					"$(inherited)",
				);
				GCC_SYMBOLS_PRIVATE_EXTERN = NO;
				GCC_WARN_64_TO_32_BIT_CONVERSION = YES;
				GCC_WARN_ABOUT_RETURN_TYPE = YES_ERROR;
				GCC_WARN_UNDECLARED_SELECTOR = YES;
				GCC_WARN_UNINITIALIZED_AUTOS = YES_AGGRESSIVE;
				GCC_WARN_UNUSED_FUNCTION = YES;
				GCC_WARN_UNUSED_VARIABLE = YES;
				IPHONEOS_DEPLOYMENT_TARGET = 8.0;
				MTL_ENABLE_DEBUG_INFO = YES;
				ONLY_ACTIVE_ARCH = YES;
				SDKROOT = iphoneos;
				SWIFT_OPTIMIZATION_LEVEL = "-Onone";
				TARGETED_DEVICE_FAMILY = "1,2";
				VERSIONING_SYSTEM = "apple-generic";
				VERSION_INFO_PREFIX = "";
			};
			name = Debug;
		};
		D2E8FA4219CB4E38007AA6E9 /* Release */ = {
			isa = XCBuildConfiguration;
			buildSettings = {
				ALWAYS_SEARCH_USER_PATHS = NO;
				CLANG_CXX_LANGUAGE_STANDARD = "gnu++0x";
				CLANG_CXX_LIBRARY = "libc++";
				CLANG_ENABLE_MODULES = YES;
				CLANG_ENABLE_OBJC_ARC = YES;
				CLANG_WARN_BOOL_CONVERSION = YES;
				CLANG_WARN_CONSTANT_CONVERSION = YES;
				CLANG_WARN_DIRECT_OBJC_ISA_USAGE = YES_ERROR;
				CLANG_WARN_EMPTY_BODY = YES;
				CLANG_WARN_ENUM_CONVERSION = YES;
				CLANG_WARN_INT_CONVERSION = YES;
				CLANG_WARN_OBJC_ROOT_CLASS = YES_ERROR;
				CLANG_WARN_UNREACHABLE_CODE = YES;
				CLANG_WARN__DUPLICATE_METHOD_MATCH = YES;
				"CODE_SIGN_IDENTITY[sdk=iphoneos*]" = "iPhone Developer";
				COPY_PHASE_STRIP = YES;
				CURRENT_PROJECT_VERSION = 1;
				ENABLE_BITCODE = NO;
				ENABLE_NS_ASSERTIONS = NO;
				ENABLE_STRICT_OBJC_MSGSEND = YES;
				ENABLE_TESTABILITY = YES;
				GCC_C_LANGUAGE_STANDARD = gnu99;
				GCC_WARN_64_TO_32_BIT_CONVERSION = YES;
				GCC_WARN_ABOUT_RETURN_TYPE = YES_ERROR;
				GCC_WARN_UNDECLARED_SELECTOR = YES;
				GCC_WARN_UNINITIALIZED_AUTOS = YES_AGGRESSIVE;
				GCC_WARN_UNUSED_FUNCTION = YES;
				GCC_WARN_UNUSED_VARIABLE = YES;
				IPHONEOS_DEPLOYMENT_TARGET = 8.0;
				MTL_ENABLE_DEBUG_INFO = NO;
				SDKROOT = iphoneos;
				TARGETED_DEVICE_FAMILY = "1,2";
				VALIDATE_PRODUCT = YES;
				VERSIONING_SYSTEM = "apple-generic";
				VERSION_INFO_PREFIX = "";
			};
			name = Release;
		};
		D2E8FA4419CB4E38007AA6E9 /* Debug */ = {
			isa = XCBuildConfiguration;
			buildSettings = {
				"CODE_SIGN_IDENTITY[sdk=iphoneos*]" = "iPhone Developer: Scott Petit (Q5MXB86P5Y)";
				DEFINES_MODULE = YES;
				DYLIB_COMPATIBILITY_VERSION = 1;
				DYLIB_CURRENT_VERSION = 1;
				DYLIB_INSTALL_NAME_BASE = "@rpath";
				ENABLE_BITCODE = NO;
				INFOPLIST_FILE = "$(SRCROOT)/Timber/Supporting Files/Info.plist";
				INSTALL_PATH = "$(LOCAL_LIBRARY_DIR)/Frameworks";
				LD_RUNPATH_SEARCH_PATHS = "$(inherited) @executable_path/Frameworks @loader_path/Frameworks";
				PRODUCT_BUNDLE_IDENTIFIER = "scottpetit.$(PRODUCT_NAME:rfc1034identifier)";
				PRODUCT_NAME = Timber;
				SKIP_INSTALL = YES;
			};
			name = Debug;
		};
		D2E8FA4519CB4E38007AA6E9 /* Release */ = {
			isa = XCBuildConfiguration;
			buildSettings = {
				"CODE_SIGN_IDENTITY[sdk=iphoneos*]" = "iPhone Developer: Scott Petit (Q5MXB86P5Y)";
				DEFINES_MODULE = YES;
				DYLIB_COMPATIBILITY_VERSION = 1;
				DYLIB_CURRENT_VERSION = 1;
				DYLIB_INSTALL_NAME_BASE = "@rpath";
				ENABLE_BITCODE = NO;
				INFOPLIST_FILE = "$(SRCROOT)/Timber/Supporting Files/Info.plist";
				INSTALL_PATH = "$(LOCAL_LIBRARY_DIR)/Frameworks";
				LD_RUNPATH_SEARCH_PATHS = "$(inherited) @executable_path/Frameworks @loader_path/Frameworks";
				PRODUCT_BUNDLE_IDENTIFIER = "scottpetit.$(PRODUCT_NAME:rfc1034identifier)";
				PRODUCT_NAME = Timber;
				SKIP_INSTALL = YES;
			};
			name = Release;
		};
		D2E8FA4719CB4E38007AA6E9 /* Debug */ = {
			isa = XCBuildConfiguration;
			buildSettings = {
				FRAMEWORK_SEARCH_PATHS = (
					"$(inherited)",
					"$(PROJECT_DIR)/Carthage/Build/iOS",
				);
				GCC_PREPROCESSOR_DEFINITIONS = (
					"DEBUG=1",
					"$(inherited)",
				);
				INFOPLIST_FILE = "TimberTests/Supporting Files/Info.plist";
				IPHONEOS_DEPLOYMENT_TARGET = 8.1;
				LD_RUNPATH_SEARCH_PATHS = "$(inherited) @executable_path/Frameworks @loader_path/Frameworks";
				PRODUCT_BUNDLE_IDENTIFIER = "scottpetit.$(PRODUCT_NAME:rfc1034identifier)";
				PRODUCT_NAME = "$(TARGET_NAME)";
			};
			name = Debug;
		};
		D2E8FA4819CB4E38007AA6E9 /* Release */ = {
			isa = XCBuildConfiguration;
			buildSettings = {
				FRAMEWORK_SEARCH_PATHS = (
					"$(inherited)",
					"$(PROJECT_DIR)/Carthage/Build/iOS",
				);
				INFOPLIST_FILE = "TimberTests/Supporting Files/Info.plist";
				IPHONEOS_DEPLOYMENT_TARGET = 8.1;
				LD_RUNPATH_SEARCH_PATHS = "$(inherited) @executable_path/Frameworks @loader_path/Frameworks";
				PRODUCT_BUNDLE_IDENTIFIER = "scottpetit.$(PRODUCT_NAME:rfc1034identifier)";
				PRODUCT_NAME = "$(TARGET_NAME)";
			};
			name = Release;
		};
/* End XCBuildConfiguration section */

/* Begin XCConfigurationList section */
		D29F64D91B3A786D00D1555B /* Build configuration list for PBXNativeTarget "Timber-OSX" */ = {
			isa = XCConfigurationList;
			buildConfigurations = (
				D29F64D51B3A786D00D1555B /* Debug */,
				D29F64D61B3A786D00D1555B /* Release */,
			);
			defaultConfigurationIsVisible = 0;
			defaultConfigurationName = Release;
		};
		D29F64DA1B3A786D00D1555B /* Build configuration list for PBXNativeTarget "Timber-OSXTests" */ = {
			isa = XCConfigurationList;
			buildConfigurations = (
				D29F64D71B3A786D00D1555B /* Debug */,
				D29F64D81B3A786D00D1555B /* Release */,
			);
			defaultConfigurationIsVisible = 0;
			defaultConfigurationName = Release;
		};
		D2E8FA2719CB4E37007AA6E9 /* Build configuration list for PBXProject "Timber" */ = {
			isa = XCConfigurationList;
			buildConfigurations = (
				D2E8FA4119CB4E38007AA6E9 /* Debug */,
				D2E8FA4219CB4E38007AA6E9 /* Release */,
			);
			defaultConfigurationIsVisible = 0;
			defaultConfigurationName = Release;
		};
		D2E8FA4319CB4E38007AA6E9 /* Build configuration list for PBXNativeTarget "Timber-iOS" */ = {
			isa = XCConfigurationList;
			buildConfigurations = (
				D2E8FA4419CB4E38007AA6E9 /* Debug */,
				D2E8FA4519CB4E38007AA6E9 /* Release */,
			);
			defaultConfigurationIsVisible = 0;
			defaultConfigurationName = Release;
		};
		D2E8FA4619CB4E38007AA6E9 /* Build configuration list for PBXNativeTarget "Timber-IOSTests" */ = {
			isa = XCConfigurationList;
			buildConfigurations = (
				D2E8FA4719CB4E38007AA6E9 /* Debug */,
				D2E8FA4819CB4E38007AA6E9 /* Release */,
			);
			defaultConfigurationIsVisible = 0;
			defaultConfigurationName = Release;
		};
/* End XCConfigurationList section */
	};
	rootObject = D2E8FA2419CB4E37007AA6E9 /* Project object */;
}
